// !$*UTF8*$!
{
	archiveVersion = 1;
	classes = {
	};
	objectVersion = 46;
	objects = {

/* Begin PBXBuildFile section */
		F005BA371A0A351D00100F1D /* NACountryCode.m in Sources */ = {isa = PBXBuildFile; fileRef = F005BA361A0A351D00100F1D /* NACountryCode.m */; };
		F005BB281A13675700100F1D /* AFNetworkActivityIndicatorManager.m in Sources */ = {isa = PBXBuildFile; fileRef = F005BB181A13675700100F1D /* AFNetworkActivityIndicatorManager.m */; };
		F005BB291A13675700100F1D /* UIActivityIndicatorView+AFNetworking.m in Sources */ = {isa = PBXBuildFile; fileRef = F005BB1A1A13675700100F1D /* UIActivityIndicatorView+AFNetworking.m */; };
		F005BB2A1A13675700100F1D /* UIAlertView+AFNetworking.m in Sources */ = {isa = PBXBuildFile; fileRef = F005BB1C1A13675700100F1D /* UIAlertView+AFNetworking.m */; };
		F005BB2B1A13675700100F1D /* UIButton+AFNetworking.m in Sources */ = {isa = PBXBuildFile; fileRef = F005BB1E1A13675700100F1D /* UIButton+AFNetworking.m */; };
		F005BB2C1A13675700100F1D /* UIImageView+AFNetworking.m in Sources */ = {isa = PBXBuildFile; fileRef = F005BB201A13675700100F1D /* UIImageView+AFNetworking.m */; };
		F005BB2D1A13675700100F1D /* UIProgressView+AFNetworking.m in Sources */ = {isa = PBXBuildFile; fileRef = F005BB231A13675700100F1D /* UIProgressView+AFNetworking.m */; };
		F005BB2E1A13675700100F1D /* UIRefreshControl+AFNetworking.m in Sources */ = {isa = PBXBuildFile; fileRef = F005BB251A13675700100F1D /* UIRefreshControl+AFNetworking.m */; };
		F005BB2F1A13675700100F1D /* UIWebView+AFNetworking.m in Sources */ = {isa = PBXBuildFile; fileRef = F005BB271A13675700100F1D /* UIWebView+AFNetworking.m */; };
		F06073DC1A012134004B151D /* main.m in Sources */ = {isa = PBXBuildFile; fileRef = F06073DB1A012134004B151D /* main.m */; };
		F06073DF1A012134004B151D /* AppDelegate.m in Sources */ = {isa = PBXBuildFile; fileRef = F06073DE1A012134004B151D /* AppDelegate.m */; };
		F06073E51A012134004B151D /* Main.storyboard in Resources */ = {isa = PBXBuildFile; fileRef = F06073E31A012134004B151D /* Main.storyboard */; };
		F06073E71A012134004B151D /* Images.xcassets in Resources */ = {isa = PBXBuildFile; fileRef = F06073E61A012134004B151D /* Images.xcassets */; };
		F06073EA1A012134004B151D /* LaunchScreen.xib in Resources */ = {isa = PBXBuildFile; fileRef = F06073E81A012134004B151D /* LaunchScreen.xib */; };
		F06074B41A01475F004B151D /* Keychain.plist in Resources */ = {isa = PBXBuildFile; fileRef = F06074B31A01475F004B151D /* Keychain.plist */; };
		F0A85F011A09182C0015DCE0 /* LoginViewController.m in Sources */ = {isa = PBXBuildFile; fileRef = F0A85EF61A09182C0015DCE0 /* LoginViewController.m */; };
		F0A85F021A09182C0015DCE0 /* MainTableViewCell.m in Sources */ = {isa = PBXBuildFile; fileRef = F0A85EF81A09182C0015DCE0 /* MainTableViewCell.m */; };
		F0A85F031A09182C0015DCE0 /* MainTableViewController.m in Sources */ = {isa = PBXBuildFile; fileRef = F0A85EFA1A09182C0015DCE0 /* MainTableViewController.m */; };
		F0A85F041A09182C0015DCE0 /* MainViewCell.xib in Resources */ = {isa = PBXBuildFile; fileRef = F0A85EFB1A09182C0015DCE0 /* MainViewCell.xib */; };
		F0A85F051A09182C0015DCE0 /* StationTableViewCell.m in Sources */ = {isa = PBXBuildFile; fileRef = F0A85EFD1A09182C0015DCE0 /* StationTableViewCell.m */; };
		F0A85F061A09182C0015DCE0 /* StationTableViewController.m in Sources */ = {isa = PBXBuildFile; fileRef = F0A85EFF1A09182C0015DCE0 /* StationTableViewController.m */; };
		F0A85F071A09182C0015DCE0 /* StationViewCell.xib in Resources */ = {isa = PBXBuildFile; fileRef = F0A85F001A09182C0015DCE0 /* StationViewCell.xib */; };
		F0A85F671A09183B0015DCE0 /* AFNetworkActivityLogger.m in Sources */ = {isa = PBXBuildFile; fileRef = F0A85F0C1A09183B0015DCE0 /* AFNetworkActivityLogger.m */; };
		F0A85F681A09183B0015DCE0 /* AFHTTPRequestOperation.m in Sources */ = {isa = PBXBuildFile; fileRef = F0A85F0F1A09183B0015DCE0 /* AFHTTPRequestOperation.m */; };
		F0A85F691A09183B0015DCE0 /* AFHTTPRequestOperationManager.m in Sources */ = {isa = PBXBuildFile; fileRef = F0A85F111A09183B0015DCE0 /* AFHTTPRequestOperationManager.m */; };
		F0A85F6A1A09183B0015DCE0 /* AFHTTPSessionManager.m in Sources */ = {isa = PBXBuildFile; fileRef = F0A85F131A09183B0015DCE0 /* AFHTTPSessionManager.m */; };
		F0A85F6B1A09183B0015DCE0 /* AFNetworkReachabilityManager.m in Sources */ = {isa = PBXBuildFile; fileRef = F0A85F161A09183B0015DCE0 /* AFNetworkReachabilityManager.m */; };
		F0A85F6C1A09183B0015DCE0 /* AFSecurityPolicy.m in Sources */ = {isa = PBXBuildFile; fileRef = F0A85F181A09183B0015DCE0 /* AFSecurityPolicy.m */; };
		F0A85F6D1A09183B0015DCE0 /* AFURLConnectionOperation.m in Sources */ = {isa = PBXBuildFile; fileRef = F0A85F1A1A09183B0015DCE0 /* AFURLConnectionOperation.m */; };
		F0A85F6E1A09183B0015DCE0 /* AFURLRequestSerialization.m in Sources */ = {isa = PBXBuildFile; fileRef = F0A85F1C1A09183B0015DCE0 /* AFURLRequestSerialization.m */; };
		F0A85F6F1A09183B0015DCE0 /* AFURLResponseSerialization.m in Sources */ = {isa = PBXBuildFile; fileRef = F0A85F1E1A09183B0015DCE0 /* AFURLResponseSerialization.m */; };
		F0A85F701A09183B0015DCE0 /* AFURLSessionManager.m in Sources */ = {isa = PBXBuildFile; fileRef = F0A85F201A09183B0015DCE0 /* AFURLSessionManager.m */; };
		F0A85F711A09183B0015DCE0 /* AFOAuth2Client.m in Sources */ = {isa = PBXBuildFile; fileRef = F0A85F231A09183B0015DCE0 /* AFOAuth2Client.m */; };
		F0A85F731A09183B0015DCE0 /* AppliCommonPublic.m in Sources */ = {isa = PBXBuildFile; fileRef = F0A85F291A09183B0015DCE0 /* AppliCommonPublic.m */; };
		F0A85F741A09183B0015DCE0 /* DataRetriever.m in Sources */ = {isa = PBXBuildFile; fileRef = F0A85F2B1A09183B0015DCE0 /* DataRetriever.m */; };
		F0A85F751A09183B0015DCE0 /* NAAPI.m in Sources */ = {isa = PBXBuildFile; fileRef = F0A85F3A1A09183B0015DCE0 /* NAAPI.m */; };
		F0A85F761A09183B0015DCE0 /* NAErrorCode.m in Sources */ = {isa = PBXBuildFile; fileRef = F0A85F3B1A09183B0015DCE0 /* NAErrorCode.m */; };
		F0A85F771A09183B0015DCE0 /* NAHTTPRequestOperationSaver.m in Sources */ = {isa = PBXBuildFile; fileRef = F0A85F3C1A09183B0015DCE0 /* NAHTTPRequestOperationSaver.m */; };
		F0A85F781A09183B0015DCE0 /* NAJSONRequestSerializer.m in Sources */ = {isa = PBXBuildFile; fileRef = F0A85F3D1A09183B0015DCE0 /* NAJSONRequestSerializer.m */; };
		F0A85F791A09183B0015DCE0 /* NAJSONResponseSerializer.m in Sources */ = {isa = PBXBuildFile; fileRef = F0A85F3E1A09183B0015DCE0 /* NAJSONResponseSerializer.m */; };
		F0A85F7A1A09183B0015DCE0 /* NAOAuth.m in Sources */ = {isa = PBXBuildFile; fileRef = F0A85F3F1A09183B0015DCE0 /* NAOAuth.m */; };
		F0A85F7B1A09183B0015DCE0 /* NAOAuth2Client.m in Sources */ = {isa = PBXBuildFile; fileRef = F0A85F401A09183B0015DCE0 /* NAOAuth2Client.m */; };
		F0A85F7C1A09183B0015DCE0 /* NAOAuthUser.m in Sources */ = {isa = PBXBuildFile; fileRef = F0A85F411A09183B0015DCE0 /* NAOAuthUser.m */; };
		F0A85F7D1A09183B0015DCE0 /* NAReachability.m in Sources */ = {isa = PBXBuildFile; fileRef = F0A85F421A09183B0015DCE0 /* NAReachability.m */; };
		F0A85F7E1A09183B0015DCE0 /* NAArchivedData.m in Sources */ = {isa = PBXBuildFile; fileRef = F0A85F441A09183B0015DCE0 /* NAArchivedData.m */; };
		F0A85F831A09183B0015DCE0 /* NADeviceList+Weatherstation.m in Sources */ = {isa = PBXBuildFile; fileRef = F0A85F541A09183B0015DCE0 /* NADeviceList+Weatherstation.m */; };
		F0A85F841A09183B0015DCE0 /* NADeviceList.m in Sources */ = {isa = PBXBuildFile; fileRef = F0A85F561A09183B0015DCE0 /* NADeviceList.m */; };
		F0A85F871A09183B0015DCE0 /* NAMultiKeyArchivedData.m in Sources */ = {isa = PBXBuildFile; fileRef = F0A85F5D1A09183B0015DCE0 /* NAMultiKeyArchivedData.m */; };
		F0A85F881A09183B0015DCE0 /* NAUser.m in Sources */ = {isa = PBXBuildFile; fileRef = F0A85F5F1A09183B0015DCE0 /* NAUser.m */; };
		F0A85F891A09183B0015DCE0 /* NAUserDataKeys.m in Sources */ = {isa = PBXBuildFile; fileRef = F0A85F611A09183B0015DCE0 /* NAUserDataKeys.m */; };
		F0A85F8B1A09183B0015DCE0 /* SyncAssistant.m in Sources */ = {isa = PBXBuildFile; fileRef = F0A85F661A09183B0015DCE0 /* SyncAssistant.m */; };
		F0A85F8D1A0928130015DCE0 /* AppliCommonPrivate.m in Sources */ = {isa = PBXBuildFile; fileRef = F0A85F8C1A0928130015DCE0 /* AppliCommonPrivate.m */; };
		F0A860071A0A1C700015DCE0 /* NAUserDataStorer.m in Sources */ = {isa = PBXBuildFile; fileRef = F0A860061A0A1C700015DCE0 /* NAUserDataStorer.m */; };
		F0A8600A1A0A1D500015DCE0 /* UserInfosTableViewController.m in Sources */ = {isa = PBXBuildFile; fileRef = F0A860091A0A1D500015DCE0 /* UserInfosTableViewController.m */; };
/* End PBXBuildFile section */

/* Begin PBXFileReference section */
		F005BA351A0A351D00100F1D /* NACountryCode.h */ = {isa = PBXFileReference; fileEncoding = 4; lastKnownFileType = sourcecode.c.h; path = NACountryCode.h; sourceTree = "<group>"; };
		F005BA361A0A351D00100F1D /* NACountryCode.m */ = {isa = PBXFileReference; fileEncoding = 4; lastKnownFileType = sourcecode.c.objc; path = NACountryCode.m; sourceTree = "<group>"; };
		F005BB171A13675700100F1D /* AFNetworkActivityIndicatorManager.h */ = {isa = PBXFileReference; fileEncoding = 4; lastKnownFileType = sourcecode.c.h; path = AFNetworkActivityIndicatorManager.h; sourceTree = "<group>"; };
		F005BB181A13675700100F1D /* AFNetworkActivityIndicatorManager.m */ = {isa = PBXFileReference; fileEncoding = 4; lastKnownFileType = sourcecode.c.objc; path = AFNetworkActivityIndicatorManager.m; sourceTree = "<group>"; };
		F005BB191A13675700100F1D /* UIActivityIndicatorView+AFNetworking.h */ = {isa = PBXFileReference; fileEncoding = 4; lastKnownFileType = sourcecode.c.h; path = "UIActivityIndicatorView+AFNetworking.h"; sourceTree = "<group>"; };
		F005BB1A1A13675700100F1D /* UIActivityIndicatorView+AFNetworking.m */ = {isa = PBXFileReference; fileEncoding = 4; lastKnownFileType = sourcecode.c.objc; path = "UIActivityIndicatorView+AFNetworking.m"; sourceTree = "<group>"; };
		F005BB1B1A13675700100F1D /* UIAlertView+AFNetworking.h */ = {isa = PBXFileReference; fileEncoding = 4; lastKnownFileType = sourcecode.c.h; path = "UIAlertView+AFNetworking.h"; sourceTree = "<group>"; };
		F005BB1C1A13675700100F1D /* UIAlertView+AFNetworking.m */ = {isa = PBXFileReference; fileEncoding = 4; lastKnownFileType = sourcecode.c.objc; path = "UIAlertView+AFNetworking.m"; sourceTree = "<group>"; };
		F005BB1D1A13675700100F1D /* UIButton+AFNetworking.h */ = {isa = PBXFileReference; fileEncoding = 4; lastKnownFileType = sourcecode.c.h; path = "UIButton+AFNetworking.h"; sourceTree = "<group>"; };
		F005BB1E1A13675700100F1D /* UIButton+AFNetworking.m */ = {isa = PBXFileReference; fileEncoding = 4; lastKnownFileType = sourcecode.c.objc; path = "UIButton+AFNetworking.m"; sourceTree = "<group>"; };
		F005BB1F1A13675700100F1D /* UIImageView+AFNetworking.h */ = {isa = PBXFileReference; fileEncoding = 4; lastKnownFileType = sourcecode.c.h; path = "UIImageView+AFNetworking.h"; sourceTree = "<group>"; };
		F005BB201A13675700100F1D /* UIImageView+AFNetworking.m */ = {isa = PBXFileReference; fileEncoding = 4; lastKnownFileType = sourcecode.c.objc; path = "UIImageView+AFNetworking.m"; sourceTree = "<group>"; };
		F005BB211A13675700100F1D /* UIKit+AFNetworking.h */ = {isa = PBXFileReference; fileEncoding = 4; lastKnownFileType = sourcecode.c.h; path = "UIKit+AFNetworking.h"; sourceTree = "<group>"; };
		F005BB221A13675700100F1D /* UIProgressView+AFNetworking.h */ = {isa = PBXFileReference; fileEncoding = 4; lastKnownFileType = sourcecode.c.h; path = "UIProgressView+AFNetworking.h"; sourceTree = "<group>"; };
		F005BB231A13675700100F1D /* UIProgressView+AFNetworking.m */ = {isa = PBXFileReference; fileEncoding = 4; lastKnownFileType = sourcecode.c.objc; path = "UIProgressView+AFNetworking.m"; sourceTree = "<group>"; };
		F005BB241A13675700100F1D /* UIRefreshControl+AFNetworking.h */ = {isa = PBXFileReference; fileEncoding = 4; lastKnownFileType = sourcecode.c.h; path = "UIRefreshControl+AFNetworking.h"; sourceTree = "<group>"; };
		F005BB251A13675700100F1D /* UIRefreshControl+AFNetworking.m */ = {isa = PBXFileReference; fileEncoding = 4; lastKnownFileType = sourcecode.c.objc; path = "UIRefreshControl+AFNetworking.m"; sourceTree = "<group>"; };
		F005BB261A13675700100F1D /* UIWebView+AFNetworking.h */ = {isa = PBXFileReference; fileEncoding = 4; lastKnownFileType = sourcecode.c.h; path = "UIWebView+AFNetworking.h"; sourceTree = "<group>"; };
		F005BB271A13675700100F1D /* UIWebView+AFNetworking.m */ = {isa = PBXFileReference; fileEncoding = 4; lastKnownFileType = sourcecode.c.objc; path = "UIWebView+AFNetworking.m"; sourceTree = "<group>"; };
		F06073D61A012134004B151D /* SampleAPIApp.app */ = {isa = PBXFileReference; explicitFileType = wrapper.application; includeInIndex = 0; path = SampleAPIApp.app; sourceTree = BUILT_PRODUCTS_DIR; };
		F06073DA1A012134004B151D /* Info.plist */ = {isa = PBXFileReference; lastKnownFileType = text.plist.xml; path = Info.plist; sourceTree = "<group>"; };
		F06073DB1A012134004B151D /* main.m */ = {isa = PBXFileReference; lastKnownFileType = sourcecode.c.objc; path = main.m; sourceTree = "<group>"; };
		F06073DD1A012134004B151D /* AppDelegate.h */ = {isa = PBXFileReference; lastKnownFileType = sourcecode.c.h; path = AppDelegate.h; sourceTree = "<group>"; };
		F06073DE1A012134004B151D /* AppDelegate.m */ = {isa = PBXFileReference; lastKnownFileType = sourcecode.c.objc; path = AppDelegate.m; sourceTree = "<group>"; };
		F06073E41A012134004B151D /* Base */ = {isa = PBXFileReference; lastKnownFileType = file.storyboard; name = Base; path = Base.lproj/Main.storyboard; sourceTree = "<group>"; };
		F06073E61A012134004B151D /* Images.xcassets */ = {isa = PBXFileReference; lastKnownFileType = folder.assetcatalog; path = Images.xcassets; sourceTree = "<group>"; };
		F06073E91A012134004B151D /* Base */ = {isa = PBXFileReference; lastKnownFileType = file.xib; name = Base; path = Base.lproj/LaunchScreen.xib; sourceTree = "<group>"; };
		F060749C1A013610004B151D /* PrefixHeader.pch */ = {isa = PBXFileReference; lastKnownFileType = sourcecode.c.h; path = PrefixHeader.pch; sourceTree = "<group>"; };
		F06074B31A01475F004B151D /* Keychain.plist */ = {isa = PBXFileReference; fileEncoding = 4; lastKnownFileType = text.plist.xml; path = Keychain.plist; sourceTree = "<group>"; };
		F0A85EF51A09182C0015DCE0 /* LoginViewController.h */ = {isa = PBXFileReference; fileEncoding = 4; lastKnownFileType = sourcecode.c.h; path = LoginViewController.h; sourceTree = "<group>"; };
		F0A85EF61A09182C0015DCE0 /* LoginViewController.m */ = {isa = PBXFileReference; fileEncoding = 4; lastKnownFileType = sourcecode.c.objc; path = LoginViewController.m; sourceTree = "<group>"; };
		F0A85EF71A09182C0015DCE0 /* MainTableViewCell.h */ = {isa = PBXFileReference; fileEncoding = 4; lastKnownFileType = sourcecode.c.h; path = MainTableViewCell.h; sourceTree = "<group>"; };
		F0A85EF81A09182C0015DCE0 /* MainTableViewCell.m */ = {isa = PBXFileReference; fileEncoding = 4; lastKnownFileType = sourcecode.c.objc; path = MainTableViewCell.m; sourceTree = "<group>"; };
		F0A85EF91A09182C0015DCE0 /* MainTableViewController.h */ = {isa = PBXFileReference; fileEncoding = 4; lastKnownFileType = sourcecode.c.h; path = MainTableViewController.h; sourceTree = "<group>"; };
		F0A85EFA1A09182C0015DCE0 /* MainTableViewController.m */ = {isa = PBXFileReference; fileEncoding = 4; lastKnownFileType = sourcecode.c.objc; path = MainTableViewController.m; sourceTree = "<group>"; };
		F0A85EFB1A09182C0015DCE0 /* MainViewCell.xib */ = {isa = PBXFileReference; fileEncoding = 4; lastKnownFileType = file.xib; path = MainViewCell.xib; sourceTree = "<group>"; };
		F0A85EFC1A09182C0015DCE0 /* StationTableViewCell.h */ = {isa = PBXFileReference; fileEncoding = 4; lastKnownFileType = sourcecode.c.h; path = StationTableViewCell.h; sourceTree = "<group>"; };
		F0A85EFD1A09182C0015DCE0 /* StationTableViewCell.m */ = {isa = PBXFileReference; fileEncoding = 4; lastKnownFileType = sourcecode.c.objc; path = StationTableViewCell.m; sourceTree = "<group>"; };
		F0A85EFE1A09182C0015DCE0 /* StationTableViewController.h */ = {isa = PBXFileReference; fileEncoding = 4; lastKnownFileType = sourcecode.c.h; path = StationTableViewController.h; sourceTree = "<group>"; };
		F0A85EFF1A09182C0015DCE0 /* StationTableViewController.m */ = {isa = PBXFileReference; fileEncoding = 4; lastKnownFileType = sourcecode.c.objc; path = StationTableViewController.m; sourceTree = "<group>"; };
		F0A85F001A09182C0015DCE0 /* StationViewCell.xib */ = {isa = PBXFileReference; fileEncoding = 4; lastKnownFileType = file.xib; path = StationViewCell.xib; sourceTree = "<group>"; };
		F0A85F0B1A09183B0015DCE0 /* AFNetworkActivityLogger.h */ = {isa = PBXFileReference; fileEncoding = 4; lastKnownFileType = sourcecode.c.h; path = AFNetworkActivityLogger.h; sourceTree = "<group>"; };
		F0A85F0C1A09183B0015DCE0 /* AFNetworkActivityLogger.m */ = {isa = PBXFileReference; fileEncoding = 4; lastKnownFileType = sourcecode.c.objc; path = AFNetworkActivityLogger.m; sourceTree = "<group>"; };
		F0A85F0E1A09183B0015DCE0 /* AFHTTPRequestOperation.h */ = {isa = PBXFileReference; fileEncoding = 4; lastKnownFileType = sourcecode.c.h; path = AFHTTPRequestOperation.h; sourceTree = "<group>"; };
		F0A85F0F1A09183B0015DCE0 /* AFHTTPRequestOperation.m */ = {isa = PBXFileReference; fileEncoding = 4; lastKnownFileType = sourcecode.c.objc; path = AFHTTPRequestOperation.m; sourceTree = "<group>"; };
		F0A85F101A09183B0015DCE0 /* AFHTTPRequestOperationManager.h */ = {isa = PBXFileReference; fileEncoding = 4; lastKnownFileType = sourcecode.c.h; path = AFHTTPRequestOperationManager.h; sourceTree = "<group>"; };
		F0A85F111A09183B0015DCE0 /* AFHTTPRequestOperationManager.m */ = {isa = PBXFileReference; fileEncoding = 4; lastKnownFileType = sourcecode.c.objc; path = AFHTTPRequestOperationManager.m; sourceTree = "<group>"; };
		F0A85F121A09183B0015DCE0 /* AFHTTPSessionManager.h */ = {isa = PBXFileReference; fileEncoding = 4; lastKnownFileType = sourcecode.c.h; path = AFHTTPSessionManager.h; sourceTree = "<group>"; };
		F0A85F131A09183B0015DCE0 /* AFHTTPSessionManager.m */ = {isa = PBXFileReference; fileEncoding = 4; lastKnownFileType = sourcecode.c.objc; path = AFHTTPSessionManager.m; sourceTree = "<group>"; };
		F0A85F141A09183B0015DCE0 /* AFNetworking.h */ = {isa = PBXFileReference; fileEncoding = 4; lastKnownFileType = sourcecode.c.h; path = AFNetworking.h; sourceTree = "<group>"; };
		F0A85F151A09183B0015DCE0 /* AFNetworkReachabilityManager.h */ = {isa = PBXFileReference; fileEncoding = 4; lastKnownFileType = sourcecode.c.h; path = AFNetworkReachabilityManager.h; sourceTree = "<group>"; };
		F0A85F161A09183B0015DCE0 /* AFNetworkReachabilityManager.m */ = {isa = PBXFileReference; fileEncoding = 4; lastKnownFileType = sourcecode.c.objc; path = AFNetworkReachabilityManager.m; sourceTree = "<group>"; };
		F0A85F171A09183B0015DCE0 /* AFSecurityPolicy.h */ = {isa = PBXFileReference; fileEncoding = 4; lastKnownFileType = sourcecode.c.h; path = AFSecurityPolicy.h; sourceTree = "<group>"; };
		F0A85F181A09183B0015DCE0 /* AFSecurityPolicy.m */ = {isa = PBXFileReference; fileEncoding = 4; lastKnownFileType = sourcecode.c.objc; path = AFSecurityPolicy.m; sourceTree = "<group>"; };
		F0A85F191A09183B0015DCE0 /* AFURLConnectionOperation.h */ = {isa = PBXFileReference; fileEncoding = 4; lastKnownFileType = sourcecode.c.h; path = AFURLConnectionOperation.h; sourceTree = "<group>"; };
		F0A85F1A1A09183B0015DCE0 /* AFURLConnectionOperation.m */ = {isa = PBXFileReference; fileEncoding = 4; lastKnownFileType = sourcecode.c.objc; path = AFURLConnectionOperation.m; sourceTree = "<group>"; };
		F0A85F1B1A09183B0015DCE0 /* AFURLRequestSerialization.h */ = {isa = PBXFileReference; fileEncoding = 4; lastKnownFileType = sourcecode.c.h; path = AFURLRequestSerialization.h; sourceTree = "<group>"; };
		F0A85F1C1A09183B0015DCE0 /* AFURLRequestSerialization.m */ = {isa = PBXFileReference; fileEncoding = 4; lastKnownFileType = sourcecode.c.objc; path = AFURLRequestSerialization.m; sourceTree = "<group>"; };
		F0A85F1D1A09183B0015DCE0 /* AFURLResponseSerialization.h */ = {isa = PBXFileReference; fileEncoding = 4; lastKnownFileType = sourcecode.c.h; path = AFURLResponseSerialization.h; sourceTree = "<group>"; };
		F0A85F1E1A09183B0015DCE0 /* AFURLResponseSerialization.m */ = {isa = PBXFileReference; fileEncoding = 4; lastKnownFileType = sourcecode.c.objc; path = AFURLResponseSerialization.m; sourceTree = "<group>"; };
		F0A85F1F1A09183B0015DCE0 /* AFURLSessionManager.h */ = {isa = PBXFileReference; fileEncoding = 4; lastKnownFileType = sourcecode.c.h; path = AFURLSessionManager.h; sourceTree = "<group>"; };
		F0A85F201A09183B0015DCE0 /* AFURLSessionManager.m */ = {isa = PBXFileReference; fileEncoding = 4; lastKnownFileType = sourcecode.c.objc; path = AFURLSessionManager.m; sourceTree = "<group>"; };
		F0A85F221A09183B0015DCE0 /* AFOAuth2Client.h */ = {isa = PBXFileReference; fileEncoding = 4; lastKnownFileType = sourcecode.c.h; path = AFOAuth2Client.h; sourceTree = "<group>"; };
		F0A85F231A09183B0015DCE0 /* AFOAuth2Client.m */ = {isa = PBXFileReference; fileEncoding = 4; lastKnownFileType = sourcecode.c.objc; path = AFOAuth2Client.m; sourceTree = "<group>"; };
		F0A85F261A09183B0015DCE0 /* AppliCommonPrivate.h */ = {isa = PBXFileReference; fileEncoding = 4; lastKnownFileType = sourcecode.c.h; path = AppliCommonPrivate.h; sourceTree = "<group>"; };
		F0A85F281A09183B0015DCE0 /* AppliCommonPublic.h */ = {isa = PBXFileReference; fileEncoding = 4; lastKnownFileType = sourcecode.c.h; path = AppliCommonPublic.h; sourceTree = "<group>"; };
		F0A85F291A09183B0015DCE0 /* AppliCommonPublic.m */ = {isa = PBXFileReference; fileEncoding = 4; lastKnownFileType = sourcecode.c.objc; path = AppliCommonPublic.m; sourceTree = "<group>"; };
		F0A85F2A1A09183B0015DCE0 /* DataRetriever.h */ = {isa = PBXFileReference; fileEncoding = 4; lastKnownFileType = sourcecode.c.h; path = DataRetriever.h; sourceTree = "<group>"; };
		F0A85F2B1A09183B0015DCE0 /* DataRetriever.m */ = {isa = PBXFileReference; fileEncoding = 4; lastKnownFileType = sourcecode.c.objc; path = DataRetriever.m; sourceTree = "<group>"; };
		F0A85F2E1A09183B0015DCE0 /* NAAPI.h */ = {isa = PBXFileReference; fileEncoding = 4; lastKnownFileType = sourcecode.c.h; path = NAAPI.h; sourceTree = "<group>"; };
		F0A85F2F1A09183B0015DCE0 /* NAErrorCode.h */ = {isa = PBXFileReference; fileEncoding = 4; lastKnownFileType = sourcecode.c.h; path = NAErrorCode.h; sourceTree = "<group>"; };
		F0A85F301A09183B0015DCE0 /* NAHTTPRequestOperationSaver.h */ = {isa = PBXFileReference; fileEncoding = 4; lastKnownFileType = sourcecode.c.h; path = NAHTTPRequestOperationSaver.h; sourceTree = "<group>"; };
		F0A85F311A09183B0015DCE0 /* NAJSONRequestSerializer.h */ = {isa = PBXFileReference; fileEncoding = 4; lastKnownFileType = sourcecode.c.h; path = NAJSONRequestSerializer.h; sourceTree = "<group>"; };
		F0A85F321A09183B0015DCE0 /* NAJSONResponseSerializer.h */ = {isa = PBXFileReference; fileEncoding = 4; lastKnownFileType = sourcecode.c.h; path = NAJSONResponseSerializer.h; sourceTree = "<group>"; };
		F0A85F331A09183B0015DCE0 /* NAOAuth.h */ = {isa = PBXFileReference; fileEncoding = 4; lastKnownFileType = sourcecode.c.h; path = NAOAuth.h; sourceTree = "<group>"; };
		F0A85F341A09183B0015DCE0 /* NAOAuth2Client.h */ = {isa = PBXFileReference; fileEncoding = 4; lastKnownFileType = sourcecode.c.h; path = NAOAuth2Client.h; sourceTree = "<group>"; };
		F0A85F351A09183B0015DCE0 /* NAOAuthUser.h */ = {isa = PBXFileReference; fileEncoding = 4; lastKnownFileType = sourcecode.c.h; path = NAOAuthUser.h; sourceTree = "<group>"; };
		F0A85F361A09183B0015DCE0 /* NAReachability.h */ = {isa = PBXFileReference; fileEncoding = 4; lastKnownFileType = sourcecode.c.h; path = NAReachability.h; sourceTree = "<group>"; };
		F0A85F371A09183B0015DCE0 /* NAAPIConfig.h */ = {isa = PBXFileReference; fileEncoding = 4; lastKnownFileType = sourcecode.c.h; path = NAAPIConfig.h; sourceTree = "<group>"; };
		F0A85F381A09183B0015DCE0 /* NAAPIFlags.h */ = {isa = PBXFileReference; fileEncoding = 4; lastKnownFileType = sourcecode.c.h; path = NAAPIFlags.h; sourceTree = "<group>"; };
		F0A85F3A1A09183B0015DCE0 /* NAAPI.m */ = {isa = PBXFileReference; fileEncoding = 4; lastKnownFileType = sourcecode.c.objc; path = NAAPI.m; sourceTree = "<group>"; };
		F0A85F3B1A09183B0015DCE0 /* NAErrorCode.m */ = {isa = PBXFileReference; fileEncoding = 4; lastKnownFileType = sourcecode.c.objc; path = NAErrorCode.m; sourceTree = "<group>"; };
		F0A85F3C1A09183B0015DCE0 /* NAHTTPRequestOperationSaver.m */ = {isa = PBXFileReference; fileEncoding = 4; lastKnownFileType = sourcecode.c.objc; path = NAHTTPRequestOperationSaver.m; sourceTree = "<group>"; };
		F0A85F3D1A09183B0015DCE0 /* NAJSONRequestSerializer.m */ = {isa = PBXFileReference; fileEncoding = 4; lastKnownFileType = sourcecode.c.objc; path = NAJSONRequestSerializer.m; sourceTree = "<group>"; };
		F0A85F3E1A09183B0015DCE0 /* NAJSONResponseSerializer.m */ = {isa = PBXFileReference; fileEncoding = 4; lastKnownFileType = sourcecode.c.objc; path = NAJSONResponseSerializer.m; sourceTree = "<group>"; };
		F0A85F3F1A09183B0015DCE0 /* NAOAuth.m */ = {isa = PBXFileReference; fileEncoding = 4; lastKnownFileType = sourcecode.c.objc; path = NAOAuth.m; sourceTree = "<group>"; };
		F0A85F401A09183B0015DCE0 /* NAOAuth2Client.m */ = {isa = PBXFileReference; fileEncoding = 4; lastKnownFileType = sourcecode.c.objc; path = NAOAuth2Client.m; sourceTree = "<group>"; };
		F0A85F411A09183B0015DCE0 /* NAOAuthUser.m */ = {isa = PBXFileReference; fileEncoding = 4; lastKnownFileType = sourcecode.c.objc; path = NAOAuthUser.m; sourceTree = "<group>"; };
		F0A85F421A09183B0015DCE0 /* NAReachability.m */ = {isa = PBXFileReference; fileEncoding = 4; lastKnownFileType = sourcecode.c.objc; path = NAReachability.m; sourceTree = "<group>"; };
		F0A85F431A09183B0015DCE0 /* NAArchivedData.h */ = {isa = PBXFileReference; fileEncoding = 4; lastKnownFileType = sourcecode.c.h; path = NAArchivedData.h; sourceTree = "<group>"; };
		F0A85F441A09183B0015DCE0 /* NAArchivedData.m */ = {isa = PBXFileReference; fileEncoding = 4; lastKnownFileType = sourcecode.c.objc; path = NAArchivedData.m; sourceTree = "<group>"; };
		F0A85F531A09183B0015DCE0 /* NADeviceList+Weatherstation.h */ = {isa = PBXFileReference; fileEncoding = 4; lastKnownFileType = sourcecode.c.h; path = "NADeviceList+Weatherstation.h"; sourceTree = "<group>"; };
		F0A85F541A09183B0015DCE0 /* NADeviceList+Weatherstation.m */ = {isa = PBXFileReference; fileEncoding = 4; lastKnownFileType = sourcecode.c.objc; path = "NADeviceList+Weatherstation.m"; sourceTree = "<group>"; };
		F0A85F551A09183B0015DCE0 /* NADeviceList.h */ = {isa = PBXFileReference; fileEncoding = 4; lastKnownFileType = sourcecode.c.h; path = NADeviceList.h; sourceTree = "<group>"; };
		F0A85F561A09183B0015DCE0 /* NADeviceList.m */ = {isa = PBXFileReference; fileEncoding = 4; lastKnownFileType = sourcecode.c.objc; path = NADeviceList.m; sourceTree = "<group>"; };
		F0A85F591A09183B0015DCE0 /* NAGlobalDefines.h */ = {isa = PBXFileReference; fileEncoding = 4; lastKnownFileType = sourcecode.c.h; path = NAGlobalDefines.h; sourceTree = "<group>"; };
		F0A85F5A1A09183B0015DCE0 /* NAMeasure.h */ = {isa = PBXFileReference; fileEncoding = 4; lastKnownFileType = sourcecode.c.h; path = NAMeasure.h; sourceTree = "<group>"; };
		F0A85F5C1A09183B0015DCE0 /* NAMultiKeyArchivedData.h */ = {isa = PBXFileReference; fileEncoding = 4; lastKnownFileType = sourcecode.c.h; path = NAMultiKeyArchivedData.h; sourceTree = "<group>"; };
		F0A85F5D1A09183B0015DCE0 /* NAMultiKeyArchivedData.m */ = {isa = PBXFileReference; fileEncoding = 4; lastKnownFileType = sourcecode.c.objc; path = NAMultiKeyArchivedData.m; sourceTree = "<group>"; };
		F0A85F5E1A09183B0015DCE0 /* NAUser.h */ = {isa = PBXFileReference; fileEncoding = 4; lastKnownFileType = sourcecode.c.h; path = NAUser.h; sourceTree = "<group>"; };
		F0A85F5F1A09183B0015DCE0 /* NAUser.m */ = {isa = PBXFileReference; fileEncoding = 4; lastKnownFileType = sourcecode.c.objc; path = NAUser.m; sourceTree = "<group>"; };
		F0A85F601A09183B0015DCE0 /* NAUserDataKeys.h */ = {isa = PBXFileReference; fileEncoding = 4; lastKnownFileType = sourcecode.c.h; path = NAUserDataKeys.h; sourceTree = "<group>"; };
		F0A85F611A09183B0015DCE0 /* NAUserDataKeys.m */ = {isa = PBXFileReference; fileEncoding = 4; lastKnownFileType = sourcecode.c.objc; path = NAUserDataKeys.m; sourceTree = "<group>"; };
		F0A85F621A09183B0015DCE0 /* NetatmoDefines.h */ = {isa = PBXFileReference; fileEncoding = 4; lastKnownFileType = sourcecode.c.h; path = NetatmoDefines.h; sourceTree = "<group>"; };
		F0A85F651A09183B0015DCE0 /* SyncAssistant.h */ = {isa = PBXFileReference; fileEncoding = 4; lastKnownFileType = sourcecode.c.h; path = SyncAssistant.h; sourceTree = "<group>"; };
		F0A85F661A09183B0015DCE0 /* SyncAssistant.m */ = {isa = PBXFileReference; fileEncoding = 4; lastKnownFileType = sourcecode.c.objc; path = SyncAssistant.m; sourceTree = "<group>"; };
		F0A85F8C1A0928130015DCE0 /* AppliCommonPrivate.m */ = {isa = PBXFileReference; fileEncoding = 4; lastKnownFileType = sourcecode.c.objc; path = AppliCommonPrivate.m; sourceTree = "<group>"; };
		F0A860051A0A1C700015DCE0 /* NAUserDataStorer.h */ = {isa = PBXFileReference; fileEncoding = 4; lastKnownFileType = sourcecode.c.h; path = NAUserDataStorer.h; sourceTree = "<group>"; };
		F0A860061A0A1C700015DCE0 /* NAUserDataStorer.m */ = {isa = PBXFileReference; fileEncoding = 4; lastKnownFileType = sourcecode.c.objc; path = NAUserDataStorer.m; sourceTree = "<group>"; };
		F0A860081A0A1D500015DCE0 /* UserInfosTableViewController.h */ = {isa = PBXFileReference; fileEncoding = 4; lastKnownFileType = sourcecode.c.h; path = UserInfosTableViewController.h; sourceTree = "<group>"; };
		F0A860091A0A1D500015DCE0 /* UserInfosTableViewController.m */ = {isa = PBXFileReference; fileEncoding = 4; lastKnownFileType = sourcecode.c.objc; path = UserInfosTableViewController.m; sourceTree = "<group>"; };
/* End PBXFileReference section */

/* Begin PBXFrameworksBuildPhase section */
		F06073D31A012134004B151D /* Frameworks */ = {
			isa = PBXFrameworksBuildPhase;
			buildActionMask = 2147483647;
			files = (
			);
			runOnlyForDeploymentPostprocessing = 0;
		};
/* End PBXFrameworksBuildPhase section */

/* Begin PBXGroup section */
		F06073CD1A012134004B151D = {
			isa = PBXGroup;
			children = (
				F06073D81A012134004B151D /* SampleAPIApp */,
				F06073D71A012134004B151D /* Products */,
			);
			sourceTree = "<group>";
		};
		F06073D71A012134004B151D /* Products */ = {
			isa = PBXGroup;
			children = (
				F06073D61A012134004B151D /* SampleAPIApp.app */,
			);
			name = Products;
			sourceTree = "<group>";
		};
		F06073D81A012134004B151D /* SampleAPIApp */ = {
			isa = PBXGroup;
			children = (
				F0A85F081A09183B0015DCE0 /* Library */,
				F0A85EF41A09182C0015DCE0 /* ViewController */,
				F06073DD1A012134004B151D /* AppDelegate.h */,
				F06073DE1A012134004B151D /* AppDelegate.m */,
				F06073E31A012134004B151D /* Main.storyboard */,
				F06073E61A012134004B151D /* Images.xcassets */,
				F06073E81A012134004B151D /* LaunchScreen.xib */,
				F06073D91A012134004B151D /* Supporting Files */,
			);
			path = SampleAPIApp;
			sourceTree = "<group>";
		};
		F06073D91A012134004B151D /* Supporting Files */ = {
			isa = PBXGroup;
			children = (
				F06074B31A01475F004B151D /* Keychain.plist */,
				F06073DA1A012134004B151D /* Info.plist */,
				F06073DB1A012134004B151D /* main.m */,
				F060749C1A013610004B151D /* PrefixHeader.pch */,
			);
			name = "Supporting Files";
			sourceTree = "<group>";
		};
		F0A85EF41A09182C0015DCE0 /* ViewController */ = {
			isa = PBXGroup;
			children = (
				F0A85EF51A09182C0015DCE0 /* LoginViewController.h */,
				F0A85EF61A09182C0015DCE0 /* LoginViewController.m */,
				F0A85EF71A09182C0015DCE0 /* MainTableViewCell.h */,
				F0A85EF81A09182C0015DCE0 /* MainTableViewCell.m */,
				F0A85EF91A09182C0015DCE0 /* MainTableViewController.h */,
				F0A85EFA1A09182C0015DCE0 /* MainTableViewController.m */,
				F0A85EFB1A09182C0015DCE0 /* MainViewCell.xib */,
				F0A85EFC1A09182C0015DCE0 /* StationTableViewCell.h */,
				F0A85EFD1A09182C0015DCE0 /* StationTableViewCell.m */,
				F0A85EFE1A09182C0015DCE0 /* StationTableViewController.h */,
				F0A85EFF1A09182C0015DCE0 /* StationTableViewController.m */,
				F0A85F001A09182C0015DCE0 /* StationViewCell.xib */,
				F0A860081A0A1D500015DCE0 /* UserInfosTableViewController.h */,
				F0A860091A0A1D500015DCE0 /* UserInfosTableViewController.m */,
			);
			path = ViewController;
			sourceTree = "<group>";
		};
		F0A85F081A09183B0015DCE0 /* Library */ = {
			isa = PBXGroup;
			children = (
				F005BA351A0A351D00100F1D /* NACountryCode.h */,
				F005BA361A0A351D00100F1D /* NACountryCode.m */,
				F0A85F091A09183B0015DCE0 /* AFNetworking */,
				F0A85F251A09183B0015DCE0 /* AppliCommon */,
				F0A85F2A1A09183B0015DCE0 /* DataRetriever.h */,
				F0A85F2B1A09183B0015DCE0 /* DataRetriever.m */,
				F0A85F2C1A09183B0015DCE0 /* NAAPI */,
				F0A85F431A09183B0015DCE0 /* NAArchivedData.h */,
				F0A85F441A09183B0015DCE0 /* NAArchivedData.m */,
				F0A85F451A09183B0015DCE0 /* NACore */,
				F0A85F531A09183B0015DCE0 /* NADeviceList+Weatherstation.h */,
				F0A85F541A09183B0015DCE0 /* NADeviceList+Weatherstation.m */,
				F0A85F551A09183B0015DCE0 /* NADeviceList.h */,
				F0A85F561A09183B0015DCE0 /* NADeviceList.m */,
				F0A85F591A09183B0015DCE0 /* NAGlobalDefines.h */,
				F0A85F5A1A09183B0015DCE0 /* NAMeasure.h */,
				F0A85F5C1A09183B0015DCE0 /* NAMultiKeyArchivedData.h */,
				F0A85F5D1A09183B0015DCE0 /* NAMultiKeyArchivedData.m */,
				F0A85F5E1A09183B0015DCE0 /* NAUser.h */,
				F0A85F5F1A09183B0015DCE0 /* NAUser.m */,
				F0A85F601A09183B0015DCE0 /* NAUserDataKeys.h */,
				F0A85F611A09183B0015DCE0 /* NAUserDataKeys.m */,
				F0A85F621A09183B0015DCE0 /* NetatmoDefines.h */,
				F0A85F651A09183B0015DCE0 /* SyncAssistant.h */,
				F0A85F661A09183B0015DCE0 /* SyncAssistant.m */,
			);
			path = Library;
			sourceTree = "<group>";
		};
		F0A85F091A09183B0015DCE0 /* AFNetworking */ = {
			isa = PBXGroup;
			children = (
				F0A85F0A1A09183B0015DCE0 /* AFNetworkActivityLogger */,
				F0A85F0D1A09183B0015DCE0 /* AFNetworkingCore */,
				F0A85F211A09183B0015DCE0 /* AFNetworkingOAuth2 */,
				F0A85F241A09183B0015DCE0 /* UIKit+AFNetworking */,
			);
			path = AFNetworking;
			sourceTree = "<group>";
		};
		F0A85F0A1A09183B0015DCE0 /* AFNetworkActivityLogger */ = {
			isa = PBXGroup;
			children = (
				F0A85F0B1A09183B0015DCE0 /* AFNetworkActivityLogger.h */,
				F0A85F0C1A09183B0015DCE0 /* AFNetworkActivityLogger.m */,
			);
			path = AFNetworkActivityLogger;
			sourceTree = "<group>";
		};
		F0A85F0D1A09183B0015DCE0 /* AFNetworkingCore */ = {
			isa = PBXGroup;
			children = (
				F0A85F0E1A09183B0015DCE0 /* AFHTTPRequestOperation.h */,
				F0A85F0F1A09183B0015DCE0 /* AFHTTPRequestOperation.m */,
				F0A85F101A09183B0015DCE0 /* AFHTTPRequestOperationManager.h */,
				F0A85F111A09183B0015DCE0 /* AFHTTPRequestOperationManager.m */,
				F0A85F121A09183B0015DCE0 /* AFHTTPSessionManager.h */,
				F0A85F131A09183B0015DCE0 /* AFHTTPSessionManager.m */,
				F0A85F141A09183B0015DCE0 /* AFNetworking.h */,
				F0A85F151A09183B0015DCE0 /* AFNetworkReachabilityManager.h */,
				F0A85F161A09183B0015DCE0 /* AFNetworkReachabilityManager.m */,
				F0A85F171A09183B0015DCE0 /* AFSecurityPolicy.h */,
				F0A85F181A09183B0015DCE0 /* AFSecurityPolicy.m */,
				F0A85F191A09183B0015DCE0 /* AFURLConnectionOperation.h */,
				F0A85F1A1A09183B0015DCE0 /* AFURLConnectionOperation.m */,
				F0A85F1B1A09183B0015DCE0 /* AFURLRequestSerialization.h */,
				F0A85F1C1A09183B0015DCE0 /* AFURLRequestSerialization.m */,
				F0A85F1D1A09183B0015DCE0 /* AFURLResponseSerialization.h */,
				F0A85F1E1A09183B0015DCE0 /* AFURLResponseSerialization.m */,
				F0A85F1F1A09183B0015DCE0 /* AFURLSessionManager.h */,
				F0A85F201A09183B0015DCE0 /* AFURLSessionManager.m */,
			);
			path = AFNetworkingCore;
			sourceTree = "<group>";
		};
		F0A85F211A09183B0015DCE0 /* AFNetworkingOAuth2 */ = {
			isa = PBXGroup;
			children = (
				F0A85F221A09183B0015DCE0 /* AFOAuth2Client.h */,
				F0A85F231A09183B0015DCE0 /* AFOAuth2Client.m */,
			);
			path = AFNetworkingOAuth2;
			sourceTree = "<group>";
		};
		F0A85F241A09183B0015DCE0 /* UIKit+AFNetworking */ = {
			isa = PBXGroup;
			children = (
				F005BB171A13675700100F1D /* AFNetworkActivityIndicatorManager.h */,
				F005BB181A13675700100F1D /* AFNetworkActivityIndicatorManager.m */,
				F005BB191A13675700100F1D /* UIActivityIndicatorView+AFNetworking.h */,
				F005BB1A1A13675700100F1D /* UIActivityIndicatorView+AFNetworking.m */,
				F005BB1B1A13675700100F1D /* UIAlertView+AFNetworking.h */,
				F005BB1C1A13675700100F1D /* UIAlertView+AFNetworking.m */,
				F005BB1D1A13675700100F1D /* UIButton+AFNetworking.h */,
				F005BB1E1A13675700100F1D /* UIButton+AFNetworking.m */,
				F005BB1F1A13675700100F1D /* UIImageView+AFNetworking.h */,
				F005BB201A13675700100F1D /* UIImageView+AFNetworking.m */,
				F005BB211A13675700100F1D /* UIKit+AFNetworking.h */,
				F005BB221A13675700100F1D /* UIProgressView+AFNetworking.h */,
				F005BB231A13675700100F1D /* UIProgressView+AFNetworking.m */,
				F005BB241A13675700100F1D /* UIRefreshControl+AFNetworking.h */,
				F005BB251A13675700100F1D /* UIRefreshControl+AFNetworking.m */,
				F005BB261A13675700100F1D /* UIWebView+AFNetworking.h */,
				F005BB271A13675700100F1D /* UIWebView+AFNetworking.m */,
			);
			path = "UIKit+AFNetworking";
			sourceTree = "<group>";
		};
		F0A85F251A09183B0015DCE0 /* AppliCommon */ = {
			isa = PBXGroup;
			children = (
				F0A85F8C1A0928130015DCE0 /* AppliCommonPrivate.m */,
				F0A85F261A09183B0015DCE0 /* AppliCommonPrivate.h */,
				F0A85F281A09183B0015DCE0 /* AppliCommonPublic.h */,
				F0A85F291A09183B0015DCE0 /* AppliCommonPublic.m */,
			);
			path = AppliCommon;
			sourceTree = "<group>";
		};
		F0A85F2C1A09183B0015DCE0 /* NAAPI */ = {
			isa = PBXGroup;
			children = (
				F0A85F2D1A09183B0015DCE0 /* Headers */,
				F0A85F371A09183B0015DCE0 /* NAAPIConfig.h */,
				F0A85F381A09183B0015DCE0 /* NAAPIFlags.h */,
				F0A85F391A09183B0015DCE0 /* Sources */,
			);
			path = NAAPI;
			sourceTree = "<group>";
		};
		F0A85F2D1A09183B0015DCE0 /* Headers */ = {
			isa = PBXGroup;
			children = (
				F0A85F2E1A09183B0015DCE0 /* NAAPI.h */,
				F0A85F2F1A09183B0015DCE0 /* NAErrorCode.h */,
				F0A85F301A09183B0015DCE0 /* NAHTTPRequestOperationSaver.h */,
				F0A85F311A09183B0015DCE0 /* NAJSONRequestSerializer.h */,
				F0A85F321A09183B0015DCE0 /* NAJSONResponseSerializer.h */,
				F0A85F331A09183B0015DCE0 /* NAOAuth.h */,
				F0A85F341A09183B0015DCE0 /* NAOAuth2Client.h */,
				F0A85F351A09183B0015DCE0 /* NAOAuthUser.h */,
				F0A85F361A09183B0015DCE0 /* NAReachability.h */,
			);
			path = Headers;
			sourceTree = "<group>";
		};
		F0A85F391A09183B0015DCE0 /* Sources */ = {
			isa = PBXGroup;
			children = (
				F0A85F3A1A09183B0015DCE0 /* NAAPI.m */,
				F0A85F3B1A09183B0015DCE0 /* NAErrorCode.m */,
				F0A85F3C1A09183B0015DCE0 /* NAHTTPRequestOperationSaver.m */,
				F0A85F3D1A09183B0015DCE0 /* NAJSONRequestSerializer.m */,
				F0A85F3E1A09183B0015DCE0 /* NAJSONResponseSerializer.m */,
				F0A85F3F1A09183B0015DCE0 /* NAOAuth.m */,
				F0A85F401A09183B0015DCE0 /* NAOAuth2Client.m */,
				F0A85F411A09183B0015DCE0 /* NAOAuthUser.m */,
				F0A85F421A09183B0015DCE0 /* NAReachability.m */,
			);
			path = Sources;
			sourceTree = "<group>";
		};
		F0A85F451A09183B0015DCE0 /* NACore */ = {
			isa = PBXGroup;
			children = (
				F0A860051A0A1C700015DCE0 /* NAUserDataStorer.h */,
				F0A860061A0A1C700015DCE0 /* NAUserDataStorer.m */,
			);
			path = NACore;
			sourceTree = "<group>";
		};
/* End PBXGroup section */

/* Begin PBXNativeTarget section */
		F06073D51A012134004B151D /* SampleAPIApp */ = {
			isa = PBXNativeTarget;
			buildConfigurationList = F06073F91A012134004B151D /* Build configuration list for PBXNativeTarget "SampleAPIApp" */;
			buildPhases = (
				F06073D21A012134004B151D /* Sources */,
				F06073D31A012134004B151D /* Frameworks */,
				F06073D41A012134004B151D /* Resources */,
			);
			buildRules = (
			);
			dependencies = (
			);
			name = SampleAPIApp;
			productName = SampleAPIApp;
			productReference = F06073D61A012134004B151D /* SampleAPIApp.app */;
			productType = "com.apple.product-type.application";
		};
/* End PBXNativeTarget section */

/* Begin PBXProject section */
		F06073CE1A012134004B151D /* Project object */ = {
			isa = PBXProject;
			attributes = {
				LastUpgradeCheck = 0610;
				ORGANIZATIONNAME = netatmo;
				TargetAttributes = {
					F06073D51A012134004B151D = {
						CreatedOnToolsVersion = 6.1;
					};
				};
			};
			buildConfigurationList = F06073D11A012134004B151D /* Build configuration list for PBXProject "SampleAPIApp" */;
			compatibilityVersion = "Xcode 3.2";
			developmentRegion = English;
			hasScannedForEncodings = 0;
			knownRegions = (
				en,
				Base,
			);
			mainGroup = F06073CD1A012134004B151D;
			productRefGroup = F06073D71A012134004B151D /* Products */;
			projectDirPath = "";
			projectRoot = "";
			targets = (
				F06073D51A012134004B151D /* SampleAPIApp */,
			);
		};
/* End PBXProject section */

/* Begin PBXResourcesBuildPhase section */
		F06073D41A012134004B151D /* Resources */ = {
			isa = PBXResourcesBuildPhase;
			buildActionMask = 2147483647;
			files = (
				F06074B41A01475F004B151D /* Keychain.plist in Resources */,
				F06073E51A012134004B151D /* Main.storyboard in Resources */,
				F06073EA1A012134004B151D /* LaunchScreen.xib in Resources */,
				F06073E71A012134004B151D /* Images.xcassets in Resources */,
				F0A85F041A09182C0015DCE0 /* MainViewCell.xib in Resources */,
				F0A85F071A09182C0015DCE0 /* StationViewCell.xib in Resources */,
			);
			runOnlyForDeploymentPostprocessing = 0;
		};
/* End PBXResourcesBuildPhase section */

/* Begin PBXSourcesBuildPhase section */
		F06073D21A012134004B151D /* Sources */ = {
			isa = PBXSourcesBuildPhase;
			buildActionMask = 2147483647;
			files = (
				F005BB281A13675700100F1D /* AFNetworkActivityIndicatorManager.m in Sources */,
				F0A85F701A09183B0015DCE0 /* AFURLSessionManager.m in Sources */,
				F0A85F6D1A09183B0015DCE0 /* AFURLConnectionOperation.m in Sources */,
				F0A85F681A09183B0015DCE0 /* AFHTTPRequestOperation.m in Sources */,
				F0A85F7A1A09183B0015DCE0 /* NAOAuth.m in Sources */,
				F0A85F051A09182C0015DCE0 /* StationTableViewCell.m in Sources */,
				F005BB291A13675700100F1D /* UIActivityIndicatorView+AFNetworking.m in Sources */,
				F0A85F8D1A0928130015DCE0 /* AppliCommonPrivate.m in Sources */,
				F0A85F691A09183B0015DCE0 /* AFHTTPRequestOperationManager.m in Sources */,
				F0A85F871A09183B0015DCE0 /* NAMultiKeyArchivedData.m in Sources */,
				F005BA371A0A351D00100F1D /* NACountryCode.m in Sources */,
				F0A85F881A09183B0015DCE0 /* NAUser.m in Sources */,
				F0A85F7C1A09183B0015DCE0 /* NAOAuthUser.m in Sources */,
				F0A85F891A09183B0015DCE0 /* NAUserDataKeys.m in Sources */,
				F0A85F7E1A09183B0015DCE0 /* NAArchivedData.m in Sources */,
				F0A8600A1A0A1D500015DCE0 /* UserInfosTableViewController.m in Sources */,
				F005BB2C1A13675700100F1D /* UIImageView+AFNetworking.m in Sources */,
				F06073DF1A012134004B151D /* AppDelegate.m in Sources */,
				F0A85F741A09183B0015DCE0 /* DataRetriever.m in Sources */,
				F0A85F671A09183B0015DCE0 /* AFNetworkActivityLogger.m in Sources */,
				F005BB2F1A13675700100F1D /* UIWebView+AFNetworking.m in Sources */,
				F005BB2E1A13675700100F1D /* UIRefreshControl+AFNetworking.m in Sources */,
				F0A85F6A1A09183B0015DCE0 /* AFHTTPSessionManager.m in Sources */,
				F0A85F771A09183B0015DCE0 /* NAHTTPRequestOperationSaver.m in Sources */,
				F0A85F711A09183B0015DCE0 /* AFOAuth2Client.m in Sources */,
				F0A85F061A09182C0015DCE0 /* StationTableViewController.m in Sources */,
				F06073DC1A012134004B151D /* main.m in Sources */,
				F0A85F731A09183B0015DCE0 /* AppliCommonPublic.m in Sources */,
				F005BB2D1A13675700100F1D /* UIProgressView+AFNetworking.m in Sources */,
				F0A85F7B1A09183B0015DCE0 /* NAOAuth2Client.m in Sources */,
				F0A85F021A09182C0015DCE0 /* MainTableViewCell.m in Sources */,
				F0A85F8B1A09183B0015DCE0 /* SyncAssistant.m in Sources */,
				F0A85F751A09183B0015DCE0 /* NAAPI.m in Sources */,
				F0A85F761A09183B0015DCE0 /* NAErrorCode.m in Sources */,
				F0A85F6C1A09183B0015DCE0 /* AFSecurityPolicy.m in Sources */,
				F0A85F781A09183B0015DCE0 /* NAJSONRequestSerializer.m in Sources */,
				F0A85F831A09183B0015DCE0 /* NADeviceList+Weatherstation.m in Sources */,
				F0A85F031A09182C0015DCE0 /* MainTableViewController.m in Sources */,
				F0A85F791A09183B0015DCE0 /* NAJSONResponseSerializer.m in Sources */,
				F005BB2A1A13675700100F1D /* UIAlertView+AFNetworking.m in Sources */,
				F0A85F7D1A09183B0015DCE0 /* NAReachability.m in Sources */,
				F0A860071A0A1C700015DCE0 /* NAUserDataStorer.m in Sources */,
				F005BB2B1A13675700100F1D /* UIButton+AFNetworking.m in Sources */,
				F0A85F6E1A09183B0015DCE0 /* AFURLRequestSerialization.m in Sources */,
				F0A85F6B1A09183B0015DCE0 /* AFNetworkReachabilityManager.m in Sources */,
				F0A85F841A09183B0015DCE0 /* NADeviceList.m in Sources */,
				F0A85F6F1A09183B0015DCE0 /* AFURLResponseSerialization.m in Sources */,
				F0A85F011A09182C0015DCE0 /* LoginViewController.m in Sources */,
			);
			runOnlyForDeploymentPostprocessing = 0;
		};
/* End PBXSourcesBuildPhase section */

/* Begin PBXVariantGroup section */
		F06073E31A012134004B151D /* Main.storyboard */ = {
			isa = PBXVariantGroup;
			children = (
				F06073E41A012134004B151D /* Base */,
			);
			name = Main.storyboard;
			sourceTree = "<group>";
		};
		F06073E81A012134004B151D /* LaunchScreen.xib */ = {
			isa = PBXVariantGroup;
			children = (
				F06073E91A012134004B151D /* Base */,
			);
			name = LaunchScreen.xib;
			sourceTree = "<group>";
		};
/* End PBXVariantGroup section */

/* Begin XCBuildConfiguration section */
		F06073F71A012134004B151D /* Debug */ = {
			isa = XCBuildConfiguration;
			buildSettings = {
				ALWAYS_SEARCH_USER_PATHS = NO;
				CLANG_CXX_LANGUAGE_STANDARD = "gnu++0x";
				CLANG_CXX_LIBRARY = "libc++";
				CLANG_ENABLE_MODULES = YES;
				CLANG_ENABLE_OBJC_ARC = YES;
				CLANG_WARN_BOOL_CONVERSION = YES;
				CLANG_WARN_CONSTANT_CONVERSION = YES;
				CLANG_WARN_DIRECT_OBJC_ISA_USAGE = YES_ERROR;
				CLANG_WARN_EMPTY_BODY = YES;
				CLANG_WARN_ENUM_CONVERSION = YES;
				CLANG_WARN_INT_CONVERSION = YES;
				CLANG_WARN_OBJC_ROOT_CLASS = YES_ERROR;
				CLANG_WARN_UNREACHABLE_CODE = YES;
				CLANG_WARN__DUPLICATE_METHOD_MATCH = YES;
				CODE_SIGN_IDENTITY = "iPhone Developer";
				"CODE_SIGN_IDENTITY[sdk=iphoneos*]" = "iPhone Developer";
				COPY_PHASE_STRIP = NO;
				ENABLE_STRICT_OBJC_MSGSEND = YES;
				GCC_C_LANGUAGE_STANDARD = gnu99;
				GCC_DYNAMIC_NO_PIC = NO;
				GCC_OPTIMIZATION_LEVEL = 0;
				GCC_PREPROCESSOR_DEFINITIONS = (
					"DEBUG=1",
					"$(inherited)",
				);
				GCC_SYMBOLS_PRIVATE_EXTERN = NO;
				GCC_WARN_64_TO_32_BIT_CONVERSION = YES;
				GCC_WARN_ABOUT_RETURN_TYPE = YES_ERROR;
				GCC_WARN_UNDECLARED_SELECTOR = YES;
				GCC_WARN_UNINITIALIZED_AUTOS = YES_AGGRESSIVE;
				GCC_WARN_UNUSED_FUNCTION = YES;
				GCC_WARN_UNUSED_VARIABLE = YES;
				IPHONEOS_DEPLOYMENT_TARGET = 8.1;
				MTL_ENABLE_DEBUG_INFO = YES;
				ONLY_ACTIVE_ARCH = YES;
				SDKROOT = iphoneos;
				TARGETED_DEVICE_FAMILY = "1,2";
			};
			name = Debug;
		};
		F06073F81A012134004B151D /* Release */ = {
			isa = XCBuildConfiguration;
			buildSettings = {
				ALWAYS_SEARCH_USER_PATHS = NO;
				CLANG_CXX_LANGUAGE_STANDARD = "gnu++0x";
				CLANG_CXX_LIBRARY = "libc++";
				CLANG_ENABLE_MODULES = YES;
				CLANG_ENABLE_OBJC_ARC = YES;
				CLANG_WARN_BOOL_CONVERSION = YES;
				CLANG_WARN_CONSTANT_CONVERSION = YES;
				CLANG_WARN_DIRECT_OBJC_ISA_USAGE = YES_ERROR;
				CLANG_WARN_EMPTY_BODY = YES;
				CLANG_WARN_ENUM_CONVERSION = YES;
				CLANG_WARN_INT_CONVERSION = YES;
				CLANG_WARN_OBJC_ROOT_CLASS = YES_ERROR;
				CLANG_WARN_UNREACHABLE_CODE = YES;
				CLANG_WARN__DUPLICATE_METHOD_MATCH = YES;
				CODE_SIGN_IDENTITY = "iPhone Distribution";
				"CODE_SIGN_IDENTITY[sdk=iphoneos*]" = "iPhone Distribution";
				COPY_PHASE_STRIP = YES;
				ENABLE_NS_ASSERTIONS = NO;
				ENABLE_STRICT_OBJC_MSGSEND = YES;
				GCC_C_LANGUAGE_STANDARD = gnu99;
				GCC_WARN_64_TO_32_BIT_CONVERSION = YES;
				GCC_WARN_ABOUT_RETURN_TYPE = YES_ERROR;
				GCC_WARN_UNDECLARED_SELECTOR = YES;
				GCC_WARN_UNINITIALIZED_AUTOS = YES_AGGRESSIVE;
				GCC_WARN_UNUSED_FUNCTION = YES;
				GCC_WARN_UNUSED_VARIABLE = YES;
				IPHONEOS_DEPLOYMENT_TARGET = 8.1;
				MTL_ENABLE_DEBUG_INFO = NO;
				SDKROOT = iphoneos;
				TARGETED_DEVICE_FAMILY = "1,2";
				VALIDATE_PRODUCT = YES;
			};
			name = Release;
		};
		F06073FA1A012134004B151D /* Debug */ = {
			isa = XCBuildConfiguration;
			buildSettings = {
				ASSETCATALOG_COMPILER_APPICON_NAME = AppIcon;
				GCC_PREFIX_HEADER = SampleAPIApp/PrefixHeader.pch;
				INFOPLIST_FILE = SampleAPIApp/Info.plist;
				LD_RUNPATH_SEARCH_PATHS = "$(inherited) @executable_path/Frameworks";
				PRODUCT_NAME = "$(TARGET_NAME)";
			};
			name = Debug;
		};
		F06073FB1A012134004B151D /* Release */ = {
			isa = XCBuildConfiguration;
			buildSettings = {
				ASSETCATALOG_COMPILER_APPICON_NAME = AppIcon;
				GCC_PREFIX_HEADER = SampleAPIApp/PrefixHeader.pch;
				INFOPLIST_FILE = SampleAPIApp/Info.plist;
				LD_RUNPATH_SEARCH_PATHS = "$(inherited) @executable_path/Frameworks";
				PRODUCT_NAME = "$(TARGET_NAME)";
			};
			name = Release;
		};
/* End XCBuildConfiguration section */

/* Begin XCConfigurationList section */
		F06073D11A012134004B151D /* Build configuration list for PBXProject "SampleAPIApp" */ = {
			isa = XCConfigurationList;
			buildConfigurations = (
				F06073F71A012134004B151D /* Debug */,
				F06073F81A012134004B151D /* Release */,
			);
			defaultConfigurationIsVisible = 0;
			defaultConfigurationName = Release;
		};
		F06073F91A012134004B151D /* Build configuration list for PBXNativeTarget "SampleAPIApp" */ = {
			isa = XCConfigurationList;
			buildConfigurations = (
				F06073FA1A012134004B151D /* Debug */,
				F06073FB1A012134004B151D /* Release */,
			);
			defaultConfigurationIsVisible = 0;
			defaultConfigurationName = Release;
		};
/* End XCConfigurationList section */
	};
	rootObject = F06073CE1A012134004B151D /* Project object */;
}
